// !$*UTF8*$!
{
	archiveVersion = 1;
	classes = {
	};
	objectVersion = 56;
	objects = {

/* Begin PBXBuildFile section */
		8CD2B7EF2C5DCD3F00B37E14 /* IMCAppApp.swift in Sources */ = {isa = PBXBuildFile; fileRef = 8CD2B7EE2C5DCD3F00B37E14 /* IMCAppApp.swift */; };
		8CD2B7F12C5DCD3F00B37E14 /* ContentView.swift in Sources */ = {isa = PBXBuildFile; fileRef = 8CD2B7F02C5DCD3F00B37E14 /* ContentView.swift */; };
		8CD2B7F32C5DCD4000B37E14 /* Assets.xcassets in Resources */ = {isa = PBXBuildFile; fileRef = 8CD2B7F22C5DCD4000B37E14 /* Assets.xcassets */; };
		8CD2B7F62C5DCD4000B37E14 /* Preview Assets.xcassets in Resources */ = {isa = PBXBuildFile; fileRef = 8CD2B7F52C5DCD4000B37E14 /* Preview Assets.xcassets */; };
		8CD2B8002C5DCD4000B37E14 /* IMCAppTests.swift in Sources */ = {isa = PBXBuildFile; fileRef = 8CD2B7FF2C5DCD4000B37E14 /* IMCAppTests.swift */; };
		8CD2B80A2C5DCD4000B37E14 /* IMCAppUITests.swift in Sources */ = {isa = PBXBuildFile; fileRef = 8CD2B8092C5DCD4000B37E14 /* IMCAppUITests.swift */; };
		8CD2B80C2C5DCD4000B37E14 /* IMCAppUITestsLaunchTests.swift in Sources */ = {isa = PBXBuildFile; fileRef = 8CD2B80B2C5DCD4000B37E14 /* IMCAppUITestsLaunchTests.swift */; };
		8CD2B8192C5DCDDC00B37E14 /* IMCView.swift in Sources */ = {isa = PBXBuildFile; fileRef = 8CD2B8182C5DCDDC00B37E14 /* IMCView.swift */; };
		8CD2B81B2C5E06ED00B37E14 /* IMCResult.swift in Sources */ = {isa = PBXBuildFile; fileRef = 8CD2B81A2C5E06ED00B37E14 /* IMCResult.swift */; };
/* End PBXBuildFile section */

/* Begin PBXContainerItemProxy section */
		8CD2B7FC2C5DCD4000B37E14 /* PBXContainerItemProxy */ = {
			isa = PBXContainerItemProxy;
			containerPortal = 8CD2B7E32C5DCD3F00B37E14 /* Project object */;
			proxyType = 1;
			remoteGlobalIDString = 8CD2B7EA2C5DCD3F00B37E14;
			remoteInfo = IMCApp;
		};
		8CD2B8062C5DCD4000B37E14 /* PBXContainerItemProxy */ = {
			isa = PBXContainerItemProxy;
			containerPortal = 8CD2B7E32C5DCD3F00B37E14 /* Project object */;
			proxyType = 1;
			remoteGlobalIDString = 8CD2B7EA2C5DCD3F00B37E14;
			remoteInfo = IMCApp;
		};
/* End PBXContainerItemProxy section */

/* Begin PBXFileReference section */
		8CD2B7EB2C5DCD3F00B37E14 /* IMCApp.app */ = {isa = PBXFileReference; explicitFileType = wrapper.application; includeInIndex = 0; path = IMCApp.app; sourceTree = BUILT_PRODUCTS_DIR; };
		8CD2B7EE2C5DCD3F00B37E14 /* IMCAppApp.swift */ = {isa = PBXFileReference; lastKnownFileType = sourcecode.swift; path = IMCAppApp.swift; sourceTree = "<group>"; };
		8CD2B7F02C5DCD3F00B37E14 /* ContentView.swift */ = {isa = PBXFileReference; lastKnownFileType = sourcecode.swift; path = ContentView.swift; sourceTree = "<group>"; };
		8CD2B7F22C5DCD4000B37E14 /* Assets.xcassets */ = {isa = PBXFileReference; lastKnownFileType = folder.assetcatalog; path = Assets.xcassets; sourceTree = "<group>"; };
		8CD2B7F52C5DCD4000B37E14 /* Preview Assets.xcassets */ = {isa = PBXFileReference; lastKnownFileType = folder.assetcatalog; path = "Preview Assets.xcassets"; sourceTree = "<group>"; };
		8CD2B7FB2C5DCD4000B37E14 /* IMCAppTests.xctest */ = {isa = PBXFileReference; explicitFileType = wrapper.cfbundle; includeInIndex = 0; path = IMCAppTests.xctest; sourceTree = BUILT_PRODUCTS_DIR; };
		8CD2B7FF2C5DCD4000B37E14 /* IMCAppTests.swift */ = {isa = PBXFileReference; lastKnownFileType = sourcecode.swift; path = IMCAppTests.swift; sourceTree = "<group>"; };
		8CD2B8052C5DCD4000B37E14 /* IMCAppUITests.xctest */ = {isa = PBXFileReference; explicitFileType = wrapper.cfbundle; includeInIndex = 0; path = IMCAppUITests.xctest; sourceTree = BUILT_PRODUCTS_DIR; };
		8CD2B8092C5DCD4000B37E14 /* IMCAppUITests.swift */ = {isa = PBXFileReference; lastKnownFileType = sourcecode.swift; path = IMCAppUITests.swift; sourceTree = "<group>"; };
		8CD2B80B2C5DCD4000B37E14 /* IMCAppUITestsLaunchTests.swift */ = {isa = PBXFileReference; lastKnownFileType = sourcecode.swift; path = IMCAppUITestsLaunchTests.swift; sourceTree = "<group>"; };
		8CD2B8182C5DCDDC00B37E14 /* IMCView.swift */ = {isa = PBXFileReference; lastKnownFileType = sourcecode.swift; path = IMCView.swift; sourceTree = "<group>"; };
		8CD2B81A2C5E06ED00B37E14 /* IMCResult.swift */ = {isa = PBXFileReference; lastKnownFileType = sourcecode.swift; path = IMCResult.swift; sourceTree = "<group>"; };
/* End PBXFileReference section */

/* Begin PBXFrameworksBuildPhase section */
		8CD2B7E82C5DCD3F00B37E14 /* Frameworks */ = {
			isa = PBXFrameworksBuildPhase;
			buildActionMask = 2147483647;
			files = (
			);
			runOnlyForDeploymentPostprocessing = 0;
		};
		8CD2B7F82C5DCD4000B37E14 /* Frameworks */ = {
			isa = PBXFrameworksBuildPhase;
			buildActionMask = 2147483647;
			files = (
			);
			runOnlyForDeploymentPostprocessing = 0;
		};
		8CD2B8022C5DCD4000B37E14 /* Frameworks */ = {
			isa = PBXFrameworksBuildPhase;
			buildActionMask = 2147483647;
			files = (
			);
			runOnlyForDeploymentPostprocessing = 0;
		};
/* End PBXFrameworksBuildPhase section */

/* Begin PBXGroup section */
		8CD2B7E22C5DCD3F00B37E14 = {
			isa = PBXGroup;
			children = (
				8CD2B7ED2C5DCD3F00B37E14 /* IMCApp */,
				8CD2B7FE2C5DCD4000B37E14 /* IMCAppTests */,
				8CD2B8082C5DCD4000B37E14 /* IMCAppUITests */,
				8CD2B7EC2C5DCD3F00B37E14 /* Products */,
			);
			sourceTree = "<group>";
		};
		8CD2B7EC2C5DCD3F00B37E14 /* Products */ = {
			isa = PBXGroup;
			children = (
				8CD2B7EB2C5DCD3F00B37E14 /* IMCApp.app */,
				8CD2B7FB2C5DCD4000B37E14 /* IMCAppTests.xctest */,
				8CD2B8052C5DCD4000B37E14 /* IMCAppUITests.xctest */,
			);
			name = Products;
			sourceTree = "<group>";
		};
		8CD2B7ED2C5DCD3F00B37E14 /* IMCApp */ = {
			isa = PBXGroup;
			children = (
				8CD2B7EE2C5DCD3F00B37E14 /* IMCAppApp.swift */,
				8CD2B7F02C5DCD3F00B37E14 /* ContentView.swift */,
				8CD2B7F22C5DCD4000B37E14 /* Assets.xcassets */,
				8CD2B7F42C5DCD4000B37E14 /* Preview Content */,
				8CD2B8182C5DCDDC00B37E14 /* IMCView.swift */,
				8CD2B81A2C5E06ED00B37E14 /* IMCResult.swift */,
			);
			path = IMCApp;
			sourceTree = "<group>";
		};
		8CD2B7F42C5DCD4000B37E14 /* Preview Content */ = {
			isa = PBXGroup;
			children = (
				8CD2B7F52C5DCD4000B37E14 /* Preview Assets.xcassets */,
			);
			path = "Preview Content";
			sourceTree = "<group>";
		};
		8CD2B7FE2C5DCD4000B37E14 /* IMCAppTests */ = {
			isa = PBXGroup;
			children = (
				8CD2B7FF2C5DCD4000B37E14 /* IMCAppTests.swift */,
			);
			path = IMCAppTests;
			sourceTree = "<group>";
		};
		8CD2B8082C5DCD4000B37E14 /* IMCAppUITests */ = {
			isa = PBXGroup;
			children = (
				8CD2B8092C5DCD4000B37E14 /* IMCAppUITests.swift */,
				8CD2B80B2C5DCD4000B37E14 /* IMCAppUITestsLaunchTests.swift */,
			);
			path = IMCAppUITests;
			sourceTree = "<group>";
		};
/* End PBXGroup section */

/* Begin PBXNativeTarget section */
		8CD2B7EA2C5DCD3F00B37E14 /* IMCApp */ = {
			isa = PBXNativeTarget;
			buildConfigurationList = 8CD2B80F2C5DCD4000B37E14 /* Build configuration list for PBXNativeTarget "IMCApp" */;
			buildPhases = (
				8CD2B7E72C5DCD3F00B37E14 /* Sources */,
				8CD2B7E82C5DCD3F00B37E14 /* Frameworks */,
				8CD2B7E92C5DCD3F00B37E14 /* Resources */,
			);
			buildRules = (
			);
			dependencies = (
			);
			name = IMCApp;
			productName = IMCApp;
			productReference = 8CD2B7EB2C5DCD3F00B37E14 /* IMCApp.app */;
			productType = "com.apple.product-type.application";
		};
		8CD2B7FA2C5DCD4000B37E14 /* IMCAppTests */ = {
			isa = PBXNativeTarget;
			buildConfigurationList = 8CD2B8122C5DCD4000B37E14 /* Build configuration list for PBXNativeTarget "IMCAppTests" */;
			buildPhases = (
				8CD2B7F72C5DCD4000B37E14 /* Sources */,
				8CD2B7F82C5DCD4000B37E14 /* Frameworks */,
				8CD2B7F92C5DCD4000B37E14 /* Resources */,
			);
			buildRules = (
			);
			dependencies = (
				8CD2B7FD2C5DCD4000B37E14 /* PBXTargetDependency */,
			);
			name = IMCAppTests;
			productName = IMCAppTests;
			productReference = 8CD2B7FB2C5DCD4000B37E14 /* IMCAppTests.xctest */;
			productType = "com.apple.product-type.bundle.unit-test";
		};
		8CD2B8042C5DCD4000B37E14 /* IMCAppUITests */ = {
			isa = PBXNativeTarget;
			buildConfigurationList = 8CD2B8152C5DCD4000B37E14 /* Build configuration list for PBXNativeTarget "IMCAppUITests" */;
			buildPhases = (
				8CD2B8012C5DCD4000B37E14 /* Sources */,
				8CD2B8022C5DCD4000B37E14 /* Frameworks */,
				8CD2B8032C5DCD4000B37E14 /* Resources */,
			);
			buildRules = (
			);
			dependencies = (
				8CD2B8072C5DCD4000B37E14 /* PBXTargetDependency */,
			);
			name = IMCAppUITests;
			productName = IMCAppUITests;
			productReference = 8CD2B8052C5DCD4000B37E14 /* IMCAppUITests.xctest */;
			productType = "com.apple.product-type.bundle.ui-testing";
		};
/* End PBXNativeTarget section */

/* Begin PBXProject section */
		8CD2B7E32C5DCD3F00B37E14 /* Project object */ = {
			isa = PBXProject;
			attributes = {
				BuildIndependentTargetsInParallel = 1;
				LastSwiftUpdateCheck = 1540;
				LastUpgradeCheck = 1540;
				TargetAttributes = {
					8CD2B7EA2C5DCD3F00B37E14 = {
						CreatedOnToolsVersion = 15.4;
					};
					8CD2B7FA2C5DCD4000B37E14 = {
						CreatedOnToolsVersion = 15.4;
						TestTargetID = 8CD2B7EA2C5DCD3F00B37E14;
					};
					8CD2B8042C5DCD4000B37E14 = {
						CreatedOnToolsVersion = 15.4;
						TestTargetID = 8CD2B7EA2C5DCD3F00B37E14;
					};
				};
			};
			buildConfigurationList = 8CD2B7E62C5DCD3F00B37E14 /* Build configuration list for PBXProject "IMCApp" */;
			compatibilityVersion = "Xcode 14.0";
			developmentRegion = en;
			hasScannedForEncodings = 0;
			knownRegions = (
				en,
				Base,
			);
			mainGroup = 8CD2B7E22C5DCD3F00B37E14;
			productRefGroup = 8CD2B7EC2C5DCD3F00B37E14 /* Products */;
			projectDirPath = "";
			projectRoot = "";
			targets = (
				8CD2B7EA2C5DCD3F00B37E14 /* IMCApp */,
				8CD2B7FA2C5DCD4000B37E14 /* IMCAppTests */,
				8CD2B8042C5DCD4000B37E14 /* IMCAppUITests */,
			);
		};
/* End PBXProject section */

/* Begin PBXResourcesBuildPhase section */
		8CD2B7E92C5DCD3F00B37E14 /* Resources */ = {
			isa = PBXResourcesBuildPhase;
			buildActionMask = 2147483647;
			files = (
				8CD2B7F62C5DCD4000B37E14 /* Preview Assets.xcassets in Resources */,
				8CD2B7F32C5DCD4000B37E14 /* Assets.xcassets in Resources */,
			);
			runOnlyForDeploymentPostprocessing = 0;
		};
		8CD2B7F92C5DCD4000B37E14 /* Resources */ = {
			isa = PBXResourcesBuildPhase;
			buildActionMask = 2147483647;
			files = (
			);
			runOnlyForDeploymentPostprocessing = 0;
		};
		8CD2B8032C5DCD4000B37E14 /* Resources */ = {
			isa = PBXResourcesBuildPhase;
			buildActionMask = 2147483647;
			files = (
			);
			runOnlyForDeploymentPostprocessing = 0;
		};
/* End PBXResourcesBuildPhase section */

/* Begin PBXSourcesBuildPhase section */
		8CD2B7E72C5DCD3F00B37E14 /* Sources */ = {
			isa = PBXSourcesBuildPhase;
			buildActionMask = 2147483647;
			files = (
				8CD2B7F12C5DCD3F00B37E14 /* ContentView.swift in Sources */,
				8CD2B8192C5DCDDC00B37E14 /* IMCView.swift in Sources */,
				8CD2B81B2C5E06ED00B37E14 /* IMCResult.swift in Sources */,
				8CD2B7EF2C5DCD3F00B37E14 /* IMCAppApp.swift in Sources */,
			);
			runOnlyForDeploymentPostprocessing = 0;
		};
		8CD2B7F72C5DCD4000B37E14 /* Sources */ = {
			isa = PBXSourcesBuildPhase;
			buildActionMask = 2147483647;
			files = (
				8CD2B8002C5DCD4000B37E14 /* IMCAppTests.swift in Sources */,
			);
			runOnlyForDeploymentPostprocessing = 0;
		};
		8CD2B8012C5DCD4000B37E14 /* Sources */ = {
			isa = PBXSourcesBuildPhase;
			buildActionMask = 2147483647;
			files = (
				8CD2B80C2C5DCD4000B37E14 /* IMCAppUITestsLaunchTests.swift in Sources */,
				8CD2B80A2C5DCD4000B37E14 /* IMCAppUITests.swift in Sources */,
			);
			runOnlyForDeploymentPostprocessing = 0;
		};
/* End PBXSourcesBuildPhase section */

/* Begin PBXTargetDependency section */
		8CD2B7FD2C5DCD4000B37E14 /* PBXTargetDependency */ = {
			isa = PBXTargetDependency;
			target = 8CD2B7EA2C5DCD3F00B37E14 /* IMCApp */;
			targetProxy = 8CD2B7FC2C5DCD4000B37E14 /* PBXContainerItemProxy */;
		};
		8CD2B8072C5DCD4000B37E14 /* PBXTargetDependency */ = {
			isa = PBXTargetDependency;
			target = 8CD2B7EA2C5DCD3F00B37E14 /* IMCApp */;
			targetProxy = 8CD2B8062C5DCD4000B37E14 /* PBXContainerItemProxy */;
		};
/* End PBXTargetDependency section */

/* Begin XCBuildConfiguration section */
		8CD2B80D2C5DCD4000B37E14 /* Debug */ = {
			isa = XCBuildConfiguration;
			buildSettings = {
				ALWAYS_SEARCH_USER_PATHS = NO;
				ASSETCATALOG_COMPILER_GENERATE_SWIFT_ASSET_SYMBOL_EXTENSIONS = YES;
				CLANG_ANALYZER_NONNULL = YES;
				CLANG_ANALYZER_NUMBER_OBJECT_CONVERSION = YES_AGGRESSIVE;
				CLANG_CXX_LANGUAGE_STANDARD = "gnu++20";
				CLANG_ENABLE_MODULES = YES;
				CLANG_ENABLE_OBJC_ARC = YES;
				CLANG_ENABLE_OBJC_WEAK = YES;
				CLANG_WARN_BLOCK_CAPTURE_AUTORELEASING = YES;
				CLANG_WARN_BOOL_CONVERSION = YES;
				CLANG_WARN_COMMA = YES;
				CLANG_WARN_CONSTANT_CONVERSION = YES;
				CLANG_WARN_DEPRECATED_OBJC_IMPLEMENTATIONS = YES;
				CLANG_WARN_DIRECT_OBJC_ISA_USAGE = YES_ERROR;
				CLANG_WARN_DOCUMENTATION_COMMENTS = YES;
				CLANG_WARN_EMPTY_BODY = YES;
				CLANG_WARN_ENUM_CONVERSION = YES;
				CLANG_WARN_INFINITE_RECURSION = YES;
				CLANG_WARN_INT_CONVERSION = YES;
				CLANG_WARN_NON_LITERAL_NULL_CONVERSION = YES;
				CLANG_WARN_OBJC_IMPLICIT_RETAIN_SELF = YES;
				CLANG_WARN_OBJC_LITERAL_CONVERSION = YES;
				CLANG_WARN_OBJC_ROOT_CLASS = YES_ERROR;
				CLANG_WARN_QUOTED_INCLUDE_IN_FRAMEWORK_HEADER = YES;
				CLANG_WARN_RANGE_LOOP_ANALYSIS = YES;
				CLANG_WARN_STRICT_PROTOTYPES = YES;
				CLANG_WARN_SUSPICIOUS_MOVE = YES;
				CLANG_WARN_UNGUARDED_AVAILABILITY = YES_AGGRESSIVE;
				CLANG_WARN_UNREACHABLE_CODE = YES;
				CLANG_WARN__DUPLICATE_METHOD_MATCH = YES;
				COPY_PHASE_STRIP = NO;
				DEBUG_INFORMATION_FORMAT = dwarf;
				ENABLE_STRICT_OBJC_MSGSEND = YES;
				ENABLE_TESTABILITY = YES;
				ENABLE_USER_SCRIPT_SANDBOXING = YES;
				GCC_C_LANGUAGE_STANDARD = gnu17;
				GCC_DYNAMIC_NO_PIC = NO;
				GCC_NO_COMMON_BLOCKS = YES;
				GCC_OPTIMIZATION_LEVEL = 0;
				GCC_PREPROCESSOR_DEFINITIONS = (
					"DEBUG=1",
					"$(inherited)",
				);
				GCC_WARN_64_TO_32_BIT_CONVERSION = YES;
				GCC_WARN_ABOUT_RETURN_TYPE = YES_ERROR;
				GCC_WARN_UNDECLARED_SELECTOR = YES;
				GCC_WARN_UNINITIALIZED_AUTOS = YES_AGGRESSIVE;
				GCC_WARN_UNUSED_FUNCTION = YES;
				GCC_WARN_UNUSED_VARIABLE = YES;
				IPHONEOS_DEPLOYMENT_TARGET = 17.5;
				LOCALIZATION_PREFERS_STRING_CATALOGS = YES;
				MTL_ENABLE_DEBUG_INFO = INCLUDE_SOURCE;
				MTL_FAST_MATH = YES;
				ONLY_ACTIVE_ARCH = YES;
				SDKROOT = iphoneos;
				SWIFT_ACTIVE_COMPILATION_CONDITIONS = "DEBUG $(inherited)";
				SWIFT_OPTIMIZATION_LEVEL = "-Onone";
			};
			name = Debug;
		};
		8CD2B80E2C5DCD4000B37E14 /* Release */ = {
			isa = XCBuildConfiguration;
			buildSettings = {
				ALWAYS_SEARCH_USER_PATHS = NO;
				ASSETCATALOG_COMPILER_GENERATE_SWIFT_ASSET_SYMBOL_EXTENSIONS = YES;
				CLANG_ANALYZER_NONNULL = YES;
				CLANG_ANALYZER_NUMBER_OBJECT_CONVERSION = YES_AGGRESSIVE;
				CLANG_CXX_LANGUAGE_STANDARD = "gnu++20";
				CLANG_ENABLE_MODULES = YES;
				CLANG_ENABLE_OBJC_ARC = YES;
				CLANG_ENABLE_OBJC_WEAK = YES;
				CLANG_WARN_BLOCK_CAPTURE_AUTORELEASING = YES;
				CLANG_WARN_BOOL_CONVERSION = YES;
				CLANG_WARN_COMMA = YES;
				CLANG_WARN_CONSTANT_CONVERSION = YES;
				CLANG_WARN_DEPRECATED_OBJC_IMPLEMENTATIONS = YES;
				CLANG_WARN_DIRECT_OBJC_ISA_USAGE = YES_ERROR;
				CLANG_WARN_DOCUMENTATION_COMMENTS = YES;
				CLANG_WARN_EMPTY_BODY = YES;
				CLANG_WARN_ENUM_CONVERSION = YES;
				CLANG_WARN_INFINITE_RECURSION = YES;
				CLANG_WARN_INT_CONVERSION = YES;
				CLANG_WARN_NON_LITERAL_NULL_CONVERSION = YES;
				CLANG_WARN_OBJC_IMPLICIT_RETAIN_SELF = YES;
				CLANG_WARN_OBJC_LITERAL_CONVERSION = YES;
				CLANG_WARN_OBJC_ROOT_CLASS = YES_ERROR;
				CLANG_WARN_QUOTED_INCLUDE_IN_FRAMEWORK_HEADER = YES;
				CLANG_WARN_RANGE_LOOP_ANALYSIS = YES;
				CLANG_WARN_STRICT_PROTOTYPES = YES;
				CLANG_WARN_SUSPICIOUS_MOVE = YES;
				CLANG_WARN_UNGUARDED_AVAILABILITY = YES_AGGRESSIVE;
				CLANG_WARN_UNREACHABLE_CODE = YES;
				CLANG_WARN__DUPLICATE_METHOD_MATCH = YES;
				COPY_PHASE_STRIP = NO;
				DEBUG_INFORMATION_FORMAT = "dwarf-with-dsym";
				ENABLE_NS_ASSERTIONS = NO;
				ENABLE_STRICT_OBJC_MSGSEND = YES;
				ENABLE_USER_SCRIPT_SANDBOXING = YES;
				GCC_C_LANGUAGE_STANDARD = gnu17;
				GCC_NO_COMMON_BLOCKS = YES;
				GCC_WARN_64_TO_32_BIT_CONVERSION = YES;
				GCC_WARN_ABOUT_RETURN_TYPE = YES_ERROR;
				GCC_WARN_UNDECLARED_SELECTOR = YES;
				GCC_WARN_UNINITIALIZED_AUTOS = YES_AGGRESSIVE;
				GCC_WARN_UNUSED_FUNCTION = YES;
				GCC_WARN_UNUSED_VARIABLE = YES;
				IPHONEOS_DEPLOYMENT_TARGET = 17.5;
				LOCALIZATION_PREFERS_STRING_CATALOGS = YES;
				MTL_ENABLE_DEBUG_INFO = NO;
				MTL_FAST_MATH = YES;
				SDKROOT = iphoneos;
				SWIFT_COMPILATION_MODE = wholemodule;
				VALIDATE_PRODUCT = YES;
			};
			name = Release;
		};
		8CD2B8102C5DCD4000B37E14 /* Debug */ = {
			isa = XCBuildConfiguration;
			buildSettings = {
				ASSETCATALOG_COMPILER_APPICON_NAME = AppIcon;
				ASSETCATALOG_COMPILER_GLOBAL_ACCENT_COLOR_NAME = AccentColor;
				CODE_SIGN_STYLE = Automatic;
				CURRENT_PROJECT_VERSION = 1;
				DEVELOPMENT_ASSET_PATHS = "\"IMCApp/Preview Content\"";
				ENABLE_PREVIEWS = YES;
				GENERATE_INFOPLIST_FILE = YES;
				INFOPLIST_KEY_UIApplicationSceneManifest_Generation = YES;
				INFOPLIST_KEY_UIApplicationSupportsIndirectInputEvents = YES;
				INFOPLIST_KEY_UILaunchScreen_Generation = YES;
				INFOPLIST_KEY_UISupportedInterfaceOrientations_iPad = "UIInterfaceOrientationPortrait UIInterfaceOrientationPortraitUpsideDown UIInterfaceOrientationLandscapeLeft UIInterfaceOrientationLandscapeRight";
				INFOPLIST_KEY_UISupportedInterfaceOrientations_iPhone = "UIInterfaceOrientationPortrait UIInterfaceOrientationLandscapeLeft UIInterfaceOrientationLandscapeRight";
				LD_RUNPATH_SEARCH_PATHS = (
					"$(inherited)",
					"@executable_path/Frameworks",
				);
				MARKETING_VERSION = 1.0;
				PRODUCT_BUNDLE_IDENTIFIER = lennyrbriones.IMCApp;
				PRODUCT_NAME = "$(TARGET_NAME)";
				SWIFT_EMIT_LOC_STRINGS = YES;
				SWIFT_VERSION = 5.0;
				TARGETED_DEVICE_FAMILY = "1,2";
			};
			name = Debug;
		};
		8CD2B8112C5DCD4000B37E14 /* Release */ = {
			isa = XCBuildConfiguration;
			buildSettings = {
				ASSETCATALOG_COMPILER_APPICON_NAME = AppIcon;
				ASSETCATALOG_COMPILER_GLOBAL_ACCENT_COLOR_NAME = AccentColor;
				CODE_SIGN_STYLE = Automatic;
				CURRENT_PROJECT_VERSION = 1;
				DEVELOPMENT_ASSET_PATHS = "\"IMCApp/Preview Content\"";
				ENABLE_PREVIEWS = YES;
				GENERATE_INFOPLIST_FILE = YES;
				INFOPLIST_KEY_UIApplicationSceneManifest_Generation = YES;
				INFOPLIST_KEY_UIApplicationSupportsIndirectInputEvents = YES;
				INFOPLIST_KEY_UILaunchScreen_Generation = YES;
				INFOPLIST_KEY_UISupportedInterfaceOrientations_iPad = "UIInterfaceOrientationPortrait UIInterfaceOrientationPortraitUpsideDown UIInterfaceOrientationLandscapeLeft UIInterfaceOrientationLandscapeRight";
				INFOPLIST_KEY_UISupportedInterfaceOrientations_iPhone = "UIInterfaceOrientationPortrait UIInterfaceOrientationLandscapeLeft UIInterfaceOrientationLandscapeRight";
				LD_RUNPATH_SEARCH_PATHS = (
					"$(inherited)",
					"@executable_path/Frameworks",
				);
				MARKETING_VERSION = 1.0;
				PRODUCT_BUNDLE_IDENTIFIER = lennyrbriones.IMCApp;
				PRODUCT_NAME = "$(TARGET_NAME)";
				SWIFT_EMIT_LOC_STRINGS = YES;
				SWIFT_VERSION = 5.0;
				TARGETED_DEVICE_FAMILY = "1,2";
			};
			name = Release;
		};
		8CD2B8132C5DCD4000B37E14 /* Debug */ = {
			isa = XCBuildConfiguration;
			buildSettings = {
				ALWAYS_EMBED_SWIFT_STANDARD_LIBRARIES = YES;
				BUNDLE_LOADER = "$(TEST_HOST)";
				CODE_SIGN_STYLE = Automatic;
				CURRENT_PROJECT_VERSION = 1;
				GENERATE_INFOPLIST_FILE = YES;
				IPHONEOS_DEPLOYMENT_TARGET = 17.5;
				MARKETING_VERSION = 1.0;
				PRODUCT_BUNDLE_IDENTIFIER = lennyrbriones.IMCAppTests;
				PRODUCT_NAME = "$(TARGET_NAME)";
				SWIFT_EMIT_LOC_STRINGS = NO;
				SWIFT_VERSION = 5.0;
				TARGETED_DEVICE_FAMILY = "1,2";
				TEST_HOST = "$(BUILT_PRODUCTS_DIR)/IMCApp.app/$(BUNDLE_EXECUTABLE_FOLDER_PATH)/IMCApp";
			};
			name = Debug;
		};
		8CD2B8142C5DCD4000B37E14 /* Release */ = {
			isa = XCBuildConfiguration;
			buildSettings = {
				ALWAYS_EMBED_SWIFT_STANDARD_LIBRARIES = YES;
				BUNDLE_LOADER = "$(TEST_HOST)";
				CODE_SIGN_STYLE = Automatic;
				CURRENT_PROJECT_VERSION = 1;
				GENERATE_INFOPLIST_FILE = YES;
				IPHONEOS_DEPLOYMENT_TARGET = 17.5;
				MARKETING_VERSION = 1.0;
				PRODUCT_BUNDLE_IDENTIFIER = lennyrbriones.IMCAppTests;
				PRODUCT_NAME = "$(TARGET_NAME)";
				SWIFT_EMIT_LOC_STRINGS = NO;
				SWIFT_VERSION = 5.0;
				TARGETED_DEVICE_FAMILY = "1,2";
				TEST_HOST = "$(BUILT_PRODUCTS_DIR)/IMCApp.app/$(BUNDLE_EXECUTABLE_FOLDER_PATH)/IMCApp";
			};
			name = Release;
		};
		8CD2B8162C5DCD4000B37E14 /* Debug */ = {
			isa = XCBuildConfiguration;
			buildSettings = {
				ALWAYS_EMBED_SWIFT_STANDARD_LIBRARIES = YES;
				CODE_SIGN_STYLE = Automatic;
				CURRENT_PROJECT_VERSION = 1;
				GENERATE_INFOPLIST_FILE = YES;
				MARKETING_VERSION = 1.0;
				PRODUCT_BUNDLE_IDENTIFIER = lennyrbriones.IMCAppUITests;
				PRODUCT_NAME = "$(TARGET_NAME)";
				SWIFT_EMIT_LOC_STRINGS = NO;
				SWIFT_VERSION = 5.0;
				TARGETED_DEVICE_FAMILY = "1,2";
				TEST_TARGET_NAME = IMCApp;
			};
			name = Debug;
		};
		8CD2B8172C5DCD4000B37E14 /* Release */ = {
			isa = XCBuildConfiguration;
			buildSettings = {
				ALWAYS_EMBED_SWIFT_STANDARD_LIBRARIES = YES;
				CODE_SIGN_STYLE = Automatic;
				CURRENT_PROJECT_VERSION = 1;
				GENERATE_INFOPLIST_FILE = YES;
				MARKETING_VERSION = 1.0;
				PRODUCT_BUNDLE_IDENTIFIER = lennyrbriones.IMCAppUITests;
				PRODUCT_NAME = "$(TARGET_NAME)";
				SWIFT_EMIT_LOC_STRINGS = NO;
				SWIFT_VERSION = 5.0;
				TARGETED_DEVICE_FAMILY = "1,2";
				TEST_TARGET_NAME = IMCApp;
			};
			name = Release;
		};
/* End XCBuildConfiguration section */

/* Begin XCConfigurationList section */
		8CD2B7E62C5DCD3F00B37E14 /* Build configuration list for PBXProject "IMCApp" */ = {
			isa = XCConfigurationList;
			buildConfigurations = (
				8CD2B80D2C5DCD4000B37E14 /* Debug */,
				8CD2B80E2C5DCD4000B37E14 /* Release */,
			);
			defaultConfigurationIsVisible = 0;
			defaultConfigurationName = Release;
		};
		8CD2B80F2C5DCD4000B37E14 /* Build configuration list for PBXNativeTarget "IMCApp" */ = {
			isa = XCConfigurationList;
			buildConfigurations = (
				8CD2B8102C5DCD4000B37E14 /* Debug */,
				8CD2B8112C5DCD4000B37E14 /* Release */,
			);
			defaultConfigurationIsVisible = 0;
			defaultConfigurationName = Release;
		};
		8CD2B8122C5DCD4000B37E14 /* Build configuration list for PBXNativeTarget "IMCAppTests" */ = {
			isa = XCConfigurationList;
			buildConfigurations = (
				8CD2B8132C5DCD4000B37E14 /* Debug */,
				8CD2B8142C5DCD4000B37E14 /* Release */,
			);
			defaultConfigurationIsVisible = 0;
			defaultConfigurationName = Release;
		};
		8CD2B8152C5DCD4000B37E14 /* Build configuration list for PBXNativeTarget "IMCAppUITests" */ = {
			isa = XCConfigurationList;
			buildConfigurations = (
				8CD2B8162C5DCD4000B37E14 /* Debug */,
				8CD2B8172C5DCD4000B37E14 /* Release */,
			);
			defaultConfigurationIsVisible = 0;
			defaultConfigurationName = Release;
		};
/* End XCConfigurationList section */
	};
	rootObject = 8CD2B7E32C5DCD3F00B37E14 /* Project object */;
}
